
Microsoft Visual Studio Solution File, Format Version 12.00
# Visual Studio Version 17
VisualStudioVersion = 17.11.35327.3
MinimumVisualStudioVersion = 10.0.40219.1
Project("{FAE04EC0-301F-11D3-BF4B-00C04F79EFBC}") = "Day3_Practice", "Day3_Practice\Day3_Practice.csproj", "{5BE29689-C91E-4993-828A-2BF3799B322E}"
EndProject
Global
	GlobalSection(SolutionConfigurationPlatforms) = preSolution
		Debug|Any CPU = Debug|Any CPU
		Release|Any CPU = Release|Any CPU
	EndGlobalSection
	GlobalSection(ProjectConfigurationPlatforms) = postSolution
		{5BE29689-C91E-4993-828A-2BF3799B322E}.Debug|Any CPU.ActiveCfg = Debug|Any CPU
		{5BE29689-C91E-4993-828A-2BF3799B322E}.Debug|Any CPU.Build.0 = Debug|Any CPU
		{5BE29689-C91E-4993-828A-2BF3799B322E}.Release|Any CPU.ActiveCfg = Release|Any CPU
		{5BE29689-C91E-4993-828A-2BF3799B322E}.Release|Any CPU.Build.0 = Release|Any CPU
	EndGlobalSection
	GlobalSection(SolutionProperties) = preSolution
		HideSolutionNode = FALSE
	EndGlobalSection
	GlobalSection(ExtensibilityGlobals) = postSolution
		SolutionGuid = {99C8017B-3184-4D1F-A15B-3B6FB728728E}
	EndGlobalSection
EndGlobal
