
Microsoft Visual Studio Solution File, Format Version 12.00
# Visual Studio Version 17
VisualStudioVersion = 17.11.35327.3
MinimumVisualStudioVersion = 10.0.40219.1
Project("{FAE04EC0-301F-11D3-BF4B-00C04F79EFBC}") = "Day4_training", "Day4_training\Day4_training.csproj", "{7CBEBB5C-5F19-419D-BAD1-3E0187ACF6FB}"
EndProject
Global
	GlobalSection(SolutionConfigurationPlatforms) = preSolution
		Debug|Any CPU = Debug|Any CPU
		Release|Any CPU = Release|Any CPU
	EndGlobalSection
	GlobalSection(ProjectConfigurationPlatforms) = postSolution
		{7CBEBB5C-5F19-419D-BAD1-3E0187ACF6FB}.Debug|Any CPU.ActiveCfg = Debug|Any CPU
		{7CBEBB5C-5F19-419D-BAD1-3E0187ACF6FB}.Debug|Any CPU.Build.0 = Debug|Any CPU
		{7CBEBB5C-5F19-419D-BAD1-3E0187ACF6FB}.Release|Any CPU.ActiveCfg = Release|Any CPU
		{7CBEBB5C-5F19-419D-BAD1-3E0187ACF6FB}.Release|Any CPU.Build.0 = Release|Any CPU
	EndGlobalSection
	GlobalSection(SolutionProperties) = preSolution
		HideSolutionNode = FALSE
	EndGlobalSection
	GlobalSection(ExtensibilityGlobals) = postSolution
		SolutionGuid = {B3BA6D28-F04E-4B50-A3CD-4FEA6F8C8C1E}
	EndGlobalSection
EndGlobal
