
Microsoft Visual Studio Solution File, Format Version 12.00
# Visual Studio Version 16
VisualStudioVersion = 16.0.35425.106
MinimumVisualStudioVersion = 10.0.40219.1
Project("{FAE04EC0-301F-11D3-BF4B-00C04F79EFBC}") = "Web_Technology Assesment", "Web_Technology Assesment\Web_Technology Assesment.csproj", "{A3B8CA82-FB9A-4266-8BD7-D20689C8F9FD}"
EndProject
Global
	GlobalSection(SolutionConfigurationPlatforms) = preSolution
		Debug|Any CPU = Debug|Any CPU
		Release|Any CPU = Release|Any CPU
	EndGlobalSection
	GlobalSection(ProjectConfigurationPlatforms) = postSolution
		{A3B8CA82-FB9A-4266-8BD7-D20689C8F9FD}.Debug|Any CPU.ActiveCfg = Debug|Any CPU
		{A3B8CA82-FB9A-4266-8BD7-D20689C8F9FD}.Debug|Any CPU.Build.0 = Debug|Any CPU
		{A3B8CA82-FB9A-4266-8BD7-D20689C8F9FD}.Release|Any CPU.ActiveCfg = Release|Any CPU
		{A3B8CA82-FB9A-4266-8BD7-D20689C8F9FD}.Release|Any CPU.Build.0 = Release|Any CPU
	EndGlobalSection
	GlobalSection(SolutionProperties) = preSolution
		HideSolutionNode = FALSE
	EndGlobalSection
	GlobalSection(ExtensibilityGlobals) = postSolution
		SolutionGuid = {11D6030B-8580-452D-80B1-AFA270FD6116}
	EndGlobalSection
EndGlobal
