
Microsoft Visual Studio Solution File, Format Version 12.00
# Visual Studio Version 17
VisualStudioVersion = 17.11.35327.3
MinimumVisualStudioVersion = 10.0.40219.1
Project("{FAE04EC0-301F-11D3-BF4B-00C04F79EFBC}") = "Assesment4", "Assesment4\Assesment4.csproj", "{D54AFFBD-C4BB-454D-B427-7F11F2952E0A}"
EndProject
Global
	GlobalSection(SolutionConfigurationPlatforms) = preSolution
		Debug|Any CPU = Debug|Any CPU
		Release|Any CPU = Release|Any CPU
	EndGlobalSection
	GlobalSection(ProjectConfigurationPlatforms) = postSolution
		{D54AFFBD-C4BB-454D-B427-7F11F2952E0A}.Debug|Any CPU.ActiveCfg = Debug|Any CPU
		{D54AFFBD-C4BB-454D-B427-7F11F2952E0A}.Debug|Any CPU.Build.0 = Debug|Any CPU
		{D54AFFBD-C4BB-454D-B427-7F11F2952E0A}.Release|Any CPU.ActiveCfg = Release|Any CPU
		{D54AFFBD-C4BB-454D-B427-7F11F2952E0A}.Release|Any CPU.Build.0 = Release|Any CPU
	EndGlobalSection
	GlobalSection(SolutionProperties) = preSolution
		HideSolutionNode = FALSE
	EndGlobalSection
	GlobalSection(ExtensibilityGlobals) = postSolution
		SolutionGuid = {FE11FAF1-13ED-4AAC-9AFD-D1F8A20A29F4}
	EndGlobalSection
EndGlobal
